
Microsoft Visual Studio Solution File, Format Version 12.00
# Visual Studio Version 17
VisualStudioVersion = 17.11.35327.3
MinimumVisualStudioVersion = 10.0.40219.1
Project("{8BC9CEB8-8B4A-11D0-8D11-00A0C91BC942}") = "IOandLoops", "IOandLoops\IOandLoops.vcxproj", "{103E56E2-3BC6-4C65-BFE1-669151C8955F}"
EndProject
Project("{8BC9CEB8-8B4A-11D0-8D11-00A0C91BC942}") = "ArrayandStrings", "ArrayandStrings\ArrayandStrings.vcxproj", "{A8A78B6F-0299-414D-B9E6-171861DAB549}"
EndProject
Project("{8BC9CEB8-8B4A-11D0-8D11-00A0C91BC942}") = "SearchingandSorting", "SearchingandSorting\SearchingandSorting.vcxproj", "{9BB918C3-2F5F-4061-9F59-12D0227C5FE5}"
EndProject
Project("{8BC9CEB8-8B4A-11D0-8D11-00A0C91BC942}") = "StackandCDS", "StackandCDS\StackandCDS.vcxproj", "{E68E30BB-F439-44DA-84BB-33623B46250C}"
EndProject
Project("{8BC9CEB8-8B4A-11D0-8D11-00A0C91BC942}") = "ConstantsAndInline", "ConstantsAndInline\ConstantsAndInline.vcxproj", "{CF44742C-CB18-4420-BFB0-928716C3FF1E}"
EndProject
Project("{8BC9CEB8-8B4A-11D0-8D11-00A0C91BC942}") = "ReferenceandPointer", "ReferenceandPointer\ReferenceandPointer.vcxproj", "{8172051A-4C89-445E-A0B9-E3BA1B65ED76}"
EndProject
Project("{8BC9CEB8-8B4A-11D0-8D11-00A0C91BC942}") = "DEFParaandFUNCOverloading", "DEFParaandFUNCOverloading\DEFParaandFUNCOverloading.vcxproj", "{CB24DCEC-8137-4DF4-8BE8-3868F02847BD}"
EndProject
Project("{8BC9CEB8-8B4A-11D0-8D11-00A0C91BC942}") = "OperatorOverloading", "OperatorOverloading\OperatorOverloading.vcxproj", "{FAA7FB81-379F-49DF-B704-09A42688C4EF}"
EndProject
Project("{8BC9CEB8-8B4A-11D0-8D11-00A0C91BC942}") = "DynamicMemAlloc", "DynamicMemAlloc\DynamicMemAlloc.vcxproj", "{B5C51FD1-94FB-47B4-A3C4-D0982CBE405D}"
EndProject
Project("{8BC9CEB8-8B4A-11D0-8D11-00A0C91BC942}") = "ClassandObj", "ClassandObj\ClassandObj.vcxproj", "{91B7511F-E941-4966-9855-6BCBE6332D35}"
EndProject
Project("{8BC9CEB8-8B4A-11D0-8D11-00A0C91BC942}") = "AccessSpecifier", "AccessSpecifier\AccessSpecifier.vcxproj", "{7F691913-BD65-4909-A2ED-975A0A4641C6}"
EndProject
Project("{8BC9CEB8-8B4A-11D0-8D11-00A0C91BC942}") = "ConstDestandObjLIfe", "ConstDestandObjLIfe\ConstDestandObjLIfe.vcxproj", "{9117EDF1-968B-43D9-A83F-ED054C7070E4}"
EndProject
Project("{8BC9CEB8-8B4A-11D0-8D11-00A0C91BC942}") = "CopyConstandCopyAssign", "CopyConstandCopyAssign\CopyConstandCopyAssign.vcxproj", "{E9D8FE12-687E-4228-ADC3-AD1D3D8265EB}"
EndProject
Project("{8BC9CEB8-8B4A-11D0-8D11-00A0C91BC942}") = "SharedPointer", "SharedPointer\SharedPointer.vcxproj", "{8E92DA9F-CE95-4858-BC62-6F867F7E5221}"
EndProject
Project("{8BC9CEB8-8B4A-11D0-8D11-00A0C91BC942}") = "WeakPointer", "WeakPointer\WeakPointer.vcxproj", "{3A54335F-9C74-488C-801F-7158F81FEFCE}"
EndProject
Project("{8BC9CEB8-8B4A-11D0-8D11-00A0C91BC942}") = "Templatess", "Templatess\Templatess.vcxproj", "{C2BB61EB-60D5-43AF-A8C8-E3DA09334DC5}"
EndProject
Project("{8BC9CEB8-8B4A-11D0-8D11-00A0C91BC942}") = "LambdaFunctions", "LambdaFunctions\LambdaFunctions.vcxproj", "{7744DFA5-9B5E-4628-912B-73FC8A9DCCB9}"
EndProject
Project("{8BC9CEB8-8B4A-11D0-8D11-00A0C91BC942}") = "Concurrency", "Concurrency\Concurrency.vcxproj", "{ABCBDB66-7E81-4A93-9415-0298D774AB78}"
EndProject
Global
	GlobalSection(SolutionConfigurationPlatforms) = preSolution
		Debug|x64 = Debug|x64
		Debug|x86 = Debug|x86
		Release|x64 = Release|x64
		Release|x86 = Release|x86
	EndGlobalSection
	GlobalSection(ProjectConfigurationPlatforms) = postSolution
		{103E56E2-3BC6-4C65-BFE1-669151C8955F}.Debug|x64.ActiveCfg = Debug|x64
		{103E56E2-3BC6-4C65-BFE1-669151C8955F}.Debug|x64.Build.0 = Debug|x64
		{103E56E2-3BC6-4C65-BFE1-669151C8955F}.Debug|x86.ActiveCfg = Debug|Win32
		{103E56E2-3BC6-4C65-BFE1-669151C8955F}.Debug|x86.Build.0 = Debug|Win32
		{103E56E2-3BC6-4C65-BFE1-669151C8955F}.Release|x64.ActiveCfg = Release|x64
		{103E56E2-3BC6-4C65-BFE1-669151C8955F}.Release|x64.Build.0 = Release|x64
		{103E56E2-3BC6-4C65-BFE1-669151C8955F}.Release|x86.ActiveCfg = Release|Win32
		{103E56E2-3BC6-4C65-BFE1-669151C8955F}.Release|x86.Build.0 = Release|Win32
		{A8A78B6F-0299-414D-B9E6-171861DAB549}.Debug|x64.ActiveCfg = Debug|x64
		{A8A78B6F-0299-414D-B9E6-171861DAB549}.Debug|x64.Build.0 = Debug|x64
		{A8A78B6F-0299-414D-B9E6-171861DAB549}.Debug|x86.ActiveCfg = Debug|Win32
		{A8A78B6F-0299-414D-B9E6-171861DAB549}.Debug|x86.Build.0 = Debug|Win32
		{A8A78B6F-0299-414D-B9E6-171861DAB549}.Release|x64.ActiveCfg = Release|x64
		{A8A78B6F-0299-414D-B9E6-171861DAB549}.Release|x64.Build.0 = Release|x64
		{A8A78B6F-0299-414D-B9E6-171861DAB549}.Release|x86.ActiveCfg = Release|Win32
		{A8A78B6F-0299-414D-B9E6-171861DAB549}.Release|x86.Build.0 = Release|Win32
		{9BB918C3-2F5F-4061-9F59-12D0227C5FE5}.Debug|x64.ActiveCfg = Debug|x64
		{9BB918C3-2F5F-4061-9F59-12D0227C5FE5}.Debug|x64.Build.0 = Debug|x64
		{9BB918C3-2F5F-4061-9F59-12D0227C5FE5}.Debug|x86.ActiveCfg = Debug|Win32
		{9BB918C3-2F5F-4061-9F59-12D0227C5FE5}.Debug|x86.Build.0 = Debug|Win32
		{9BB918C3-2F5F-4061-9F59-12D0227C5FE5}.Release|x64.ActiveCfg = Release|x64
		{9BB918C3-2F5F-4061-9F59-12D0227C5FE5}.Release|x64.Build.0 = Release|x64
		{9BB918C3-2F5F-4061-9F59-12D0227C5FE5}.Release|x86.ActiveCfg = Release|Win32
		{9BB918C3-2F5F-4061-9F59-12D0227C5FE5}.Release|x86.Build.0 = Release|Win32
		{E68E30BB-F439-44DA-84BB-33623B46250C}.Debug|x64.ActiveCfg = Debug|x64
		{E68E30BB-F439-44DA-84BB-33623B46250C}.Debug|x64.Build.0 = Debug|x64
		{E68E30BB-F439-44DA-84BB-33623B46250C}.Debug|x86.ActiveCfg = Debug|Win32
		{E68E30BB-F439-44DA-84BB-33623B46250C}.Debug|x86.Build.0 = Debug|Win32
		{E68E30BB-F439-44DA-84BB-33623B46250C}.Release|x64.ActiveCfg = Release|x64
		{E68E30BB-F439-44DA-84BB-33623B46250C}.Release|x64.Build.0 = Release|x64
		{E68E30BB-F439-44DA-84BB-33623B46250C}.Release|x86.ActiveCfg = Release|Win32
		{E68E30BB-F439-44DA-84BB-33623B46250C}.Release|x86.Build.0 = Release|Win32
		{CF44742C-CB18-4420-BFB0-928716C3FF1E}.Debug|x64.ActiveCfg = Debug|x64
		{CF44742C-CB18-4420-BFB0-928716C3FF1E}.Debug|x64.Build.0 = Debug|x64
		{CF44742C-CB18-4420-BFB0-928716C3FF1E}.Debug|x86.ActiveCfg = Debug|Win32
		{CF44742C-CB18-4420-BFB0-928716C3FF1E}.Debug|x86.Build.0 = Debug|Win32
		{CF44742C-CB18-4420-BFB0-928716C3FF1E}.Release|x64.ActiveCfg = Release|x64
		{CF44742C-CB18-4420-BFB0-928716C3FF1E}.Release|x64.Build.0 = Release|x64
		{CF44742C-CB18-4420-BFB0-928716C3FF1E}.Release|x86.ActiveCfg = Release|Win32
		{CF44742C-CB18-4420-BFB0-928716C3FF1E}.Release|x86.Build.0 = Release|Win32
		{8172051A-4C89-445E-A0B9-E3BA1B65ED76}.Debug|x64.ActiveCfg = Debug|x64
		{8172051A-4C89-445E-A0B9-E3BA1B65ED76}.Debug|x64.Build.0 = Debug|x64
		{8172051A-4C89-445E-A0B9-E3BA1B65ED76}.Debug|x86.ActiveCfg = Debug|Win32
		{8172051A-4C89-445E-A0B9-E3BA1B65ED76}.Debug|x86.Build.0 = Debug|Win32
		{8172051A-4C89-445E-A0B9-E3BA1B65ED76}.Release|x64.ActiveCfg = Release|x64
		{8172051A-4C89-445E-A0B9-E3BA1B65ED76}.Release|x64.Build.0 = Release|x64
		{8172051A-4C89-445E-A0B9-E3BA1B65ED76}.Release|x86.ActiveCfg = Release|Win32
		{8172051A-4C89-445E-A0B9-E3BA1B65ED76}.Release|x86.Build.0 = Release|Win32
		{CB24DCEC-8137-4DF4-8BE8-3868F02847BD}.Debug|x64.ActiveCfg = Debug|x64
		{CB24DCEC-8137-4DF4-8BE8-3868F02847BD}.Debug|x64.Build.0 = Debug|x64
		{CB24DCEC-8137-4DF4-8BE8-3868F02847BD}.Debug|x86.ActiveCfg = Debug|Win32
		{CB24DCEC-8137-4DF4-8BE8-3868F02847BD}.Debug|x86.Build.0 = Debug|Win32
		{CB24DCEC-8137-4DF4-8BE8-3868F02847BD}.Release|x64.ActiveCfg = Release|x64
		{CB24DCEC-8137-4DF4-8BE8-3868F02847BD}.Release|x64.Build.0 = Release|x64
		{CB24DCEC-8137-4DF4-8BE8-3868F02847BD}.Release|x86.ActiveCfg = Release|Win32
		{CB24DCEC-8137-4DF4-8BE8-3868F02847BD}.Release|x86.Build.0 = Release|Win32
		{FAA7FB81-379F-49DF-B704-09A42688C4EF}.Debug|x64.ActiveCfg = Debug|x64
		{FAA7FB81-379F-49DF-B704-09A42688C4EF}.Debug|x64.Build.0 = Debug|x64
		{FAA7FB81-379F-49DF-B704-09A42688C4EF}.Debug|x86.ActiveCfg = Debug|Win32
		{FAA7FB81-379F-49DF-B704-09A42688C4EF}.Debug|x86.Build.0 = Debug|Win32
		{FAA7FB81-379F-49DF-B704-09A42688C4EF}.Release|x64.ActiveCfg = Release|x64
		{FAA7FB81-379F-49DF-B704-09A42688C4EF}.Release|x64.Build.0 = Release|x64
		{FAA7FB81-379F-49DF-B704-09A42688C4EF}.Release|x86.ActiveCfg = Release|Win32
		{FAA7FB81-379F-49DF-B704-09A42688C4EF}.Release|x86.Build.0 = Release|Win32
		{B5C51FD1-94FB-47B4-A3C4-D0982CBE405D}.Debug|x64.ActiveCfg = Debug|x64
		{B5C51FD1-94FB-47B4-A3C4-D0982CBE405D}.Debug|x64.Build.0 = Debug|x64
		{B5C51FD1-94FB-47B4-A3C4-D0982CBE405D}.Debug|x86.ActiveCfg = Debug|Win32
		{B5C51FD1-94FB-47B4-A3C4-D0982CBE405D}.Debug|x86.Build.0 = Debug|Win32
		{B5C51FD1-94FB-47B4-A3C4-D0982CBE405D}.Release|x64.ActiveCfg = Release|x64
		{B5C51FD1-94FB-47B4-A3C4-D0982CBE405D}.Release|x64.Build.0 = Release|x64
		{B5C51FD1-94FB-47B4-A3C4-D0982CBE405D}.Release|x86.ActiveCfg = Release|Win32
		{B5C51FD1-94FB-47B4-A3C4-D0982CBE405D}.Release|x86.Build.0 = Release|Win32
		{91B7511F-E941-4966-9855-6BCBE6332D35}.Debug|x64.ActiveCfg = Debug|x64
		{91B7511F-E941-4966-9855-6BCBE6332D35}.Debug|x64.Build.0 = Debug|x64
		{91B7511F-E941-4966-9855-6BCBE6332D35}.Debug|x86.ActiveCfg = Debug|Win32
		{91B7511F-E941-4966-9855-6BCBE6332D35}.Debug|x86.Build.0 = Debug|Win32
		{91B7511F-E941-4966-9855-6BCBE6332D35}.Release|x64.ActiveCfg = Release|x64
		{91B7511F-E941-4966-9855-6BCBE6332D35}.Release|x64.Build.0 = Release|x64
		{91B7511F-E941-4966-9855-6BCBE6332D35}.Release|x86.ActiveCfg = Release|Win32
		{91B7511F-E941-4966-9855-6BCBE6332D35}.Release|x86.Build.0 = Release|Win32
		{7F691913-BD65-4909-A2ED-975A0A4641C6}.Debug|x64.ActiveCfg = Debug|x64
		{7F691913-BD65-4909-A2ED-975A0A4641C6}.Debug|x64.Build.0 = Debug|x64
		{7F691913-BD65-4909-A2ED-975A0A4641C6}.Debug|x86.ActiveCfg = Debug|Win32
		{7F691913-BD65-4909-A2ED-975A0A4641C6}.Debug|x86.Build.0 = Debug|Win32
		{7F691913-BD65-4909-A2ED-975A0A4641C6}.Release|x64.ActiveCfg = Release|x64
		{7F691913-BD65-4909-A2ED-975A0A4641C6}.Release|x64.Build.0 = Release|x64
		{7F691913-BD65-4909-A2ED-975A0A4641C6}.Release|x86.ActiveCfg = Release|Win32
		{7F691913-BD65-4909-A2ED-975A0A4641C6}.Release|x86.Build.0 = Release|Win32
		{9117EDF1-968B-43D9-A83F-ED054C7070E4}.Debug|x64.ActiveCfg = Debug|x64
		{9117EDF1-968B-43D9-A83F-ED054C7070E4}.Debug|x64.Build.0 = Debug|x64
		{9117EDF1-968B-43D9-A83F-ED054C7070E4}.Debug|x86.ActiveCfg = Debug|Win32
		{9117EDF1-968B-43D9-A83F-ED054C7070E4}.Debug|x86.Build.0 = Debug|Win32
		{9117EDF1-968B-43D9-A83F-ED054C7070E4}.Release|x64.ActiveCfg = Release|x64
		{9117EDF1-968B-43D9-A83F-ED054C7070E4}.Release|x64.Build.0 = Release|x64
		{9117EDF1-968B-43D9-A83F-ED054C7070E4}.Release|x86.ActiveCfg = Release|Win32
		{9117EDF1-968B-43D9-A83F-ED054C7070E4}.Release|x86.Build.0 = Release|Win32
		{E9D8FE12-687E-4228-ADC3-AD1D3D8265EB}.Debug|x64.ActiveCfg = Debug|x64
		{E9D8FE12-687E-4228-ADC3-AD1D3D8265EB}.Debug|x64.Build.0 = Debug|x64
		{E9D8FE12-687E-4228-ADC3-AD1D3D8265EB}.Debug|x86.ActiveCfg = Debug|Win32
		{E9D8FE12-687E-4228-ADC3-AD1D3D8265EB}.Debug|x86.Build.0 = Debug|Win32
		{E9D8FE12-687E-4228-ADC3-AD1D3D8265EB}.Release|x64.ActiveCfg = Release|x64
		{E9D8FE12-687E-4228-ADC3-AD1D3D8265EB}.Release|x64.Build.0 = Release|x64
		{E9D8FE12-687E-4228-ADC3-AD1D3D8265EB}.Release|x86.ActiveCfg = Release|Win32
		{E9D8FE12-687E-4228-ADC3-AD1D3D8265EB}.Release|x86.Build.0 = Release|Win32
		{8E92DA9F-CE95-4858-BC62-6F867F7E5221}.Debug|x64.ActiveCfg = Debug|x64
		{8E92DA9F-CE95-4858-BC62-6F867F7E5221}.Debug|x64.Build.0 = Debug|x64
		{8E92DA9F-CE95-4858-BC62-6F867F7E5221}.Debug|x86.ActiveCfg = Debug|Win32
		{8E92DA9F-CE95-4858-BC62-6F867F7E5221}.Debug|x86.Build.0 = Debug|Win32
		{8E92DA9F-CE95-4858-BC62-6F867F7E5221}.Release|x64.ActiveCfg = Release|x64
		{8E92DA9F-CE95-4858-BC62-6F867F7E5221}.Release|x64.Build.0 = Release|x64
		{8E92DA9F-CE95-4858-BC62-6F867F7E5221}.Release|x86.ActiveCfg = Release|Win32
		{8E92DA9F-CE95-4858-BC62-6F867F7E5221}.Release|x86.Build.0 = Release|Win32
		{3A54335F-9C74-488C-801F-7158F81FEFCE}.Debug|x64.ActiveCfg = Debug|x64
		{3A54335F-9C74-488C-801F-7158F81FEFCE}.Debug|x64.Build.0 = Debug|x64
		{3A54335F-9C74-488C-801F-7158F81FEFCE}.Debug|x86.ActiveCfg = Debug|Win32
		{3A54335F-9C74-488C-801F-7158F81FEFCE}.Debug|x86.Build.0 = Debug|Win32
		{3A54335F-9C74-488C-801F-7158F81FEFCE}.Release|x64.ActiveCfg = Release|x64
		{3A54335F-9C74-488C-801F-7158F81FEFCE}.Release|x64.Build.0 = Release|x64
		{3A54335F-9C74-488C-801F-7158F81FEFCE}.Release|x86.ActiveCfg = Release|Win32
		{3A54335F-9C74-488C-801F-7158F81FEFCE}.Release|x86.Build.0 = Release|Win32
		{C2BB61EB-60D5-43AF-A8C8-E3DA09334DC5}.Debug|x64.ActiveCfg = Debug|x64
		{C2BB61EB-60D5-43AF-A8C8-E3DA09334DC5}.Debug|x64.Build.0 = Debug|x64
		{C2BB61EB-60D5-43AF-A8C8-E3DA09334DC5}.Debug|x86.ActiveCfg = Debug|Win32
		{C2BB61EB-60D5-43AF-A8C8-E3DA09334DC5}.Debug|x86.Build.0 = Debug|Win32
		{C2BB61EB-60D5-43AF-A8C8-E3DA09334DC5}.Release|x64.ActiveCfg = Release|x64
		{C2BB61EB-60D5-43AF-A8C8-E3DA09334DC5}.Release|x64.Build.0 = Release|x64
		{C2BB61EB-60D5-43AF-A8C8-E3DA09334DC5}.Release|x86.ActiveCfg = Release|Win32
		{C2BB61EB-60D5-43AF-A8C8-E3DA09334DC5}.Release|x86.Build.0 = Release|Win32
		{7744DFA5-9B5E-4628-912B-73FC8A9DCCB9}.Debug|x64.ActiveCfg = Debug|x64
		{7744DFA5-9B5E-4628-912B-73FC8A9DCCB9}.Debug|x64.Build.0 = Debug|x64
		{7744DFA5-9B5E-4628-912B-73FC8A9DCCB9}.Debug|x86.ActiveCfg = Debug|Win32
		{7744DFA5-9B5E-4628-912B-73FC8A9DCCB9}.Debug|x86.Build.0 = Debug|Win32
		{7744DFA5-9B5E-4628-912B-73FC8A9DCCB9}.Release|x64.ActiveCfg = Release|x64
		{7744DFA5-9B5E-4628-912B-73FC8A9DCCB9}.Release|x64.Build.0 = Release|x64
		{7744DFA5-9B5E-4628-912B-73FC8A9DCCB9}.Release|x86.ActiveCfg = Release|Win32
		{7744DFA5-9B5E-4628-912B-73FC8A9DCCB9}.Release|x86.Build.0 = Release|Win32
		{ABCBDB66-7E81-4A93-9415-0298D774AB78}.Debug|x64.ActiveCfg = Debug|x64
		{ABCBDB66-7E81-4A93-9415-0298D774AB78}.Debug|x64.Build.0 = Debug|x64
		{ABCBDB66-7E81-4A93-9415-0298D774AB78}.Debug|x86.ActiveCfg = Debug|Win32
		{ABCBDB66-7E81-4A93-9415-0298D774AB78}.Debug|x86.Build.0 = Debug|Win32
		{ABCBDB66-7E81-4A93-9415-0298D774AB78}.Release|x64.ActiveCfg = Release|x64
		{ABCBDB66-7E81-4A93-9415-0298D774AB78}.Release|x64.Build.0 = Release|x64
		{ABCBDB66-7E81-4A93-9415-0298D774AB78}.Release|x86.ActiveCfg = Release|Win32
		{ABCBDB66-7E81-4A93-9415-0298D774AB78}.Release|x86.Build.0 = Release|Win32
	EndGlobalSection
	GlobalSection(SolutionProperties) = preSolution
		HideSolutionNode = FALSE
	EndGlobalSection
	GlobalSection(ExtensibilityGlobals) = postSolution
		SolutionGuid = {769A8FA7-D2DB-4FBC-AEF0-66DB95E151EB}
	EndGlobalSection
EndGlobal
